
Microsoft Visual Studio Solution File, Format Version 12.00
# Visual Studio Version 17
VisualStudioVersion = 17.0.32112.339
MinimumVisualStudioVersion = 10.0.40219.1
Project("{FAE04EC0-301F-11D3-BF4B-00C04F79EFBC}") = "OldPhonePad", "OldPhonePad\OldPhonePad.csproj", "{C7658276-A9CD-476F-826D-95BF011CC4A5}"
EndProject
Global
	GlobalSection(SolutionConfigurationPlatforms) = preSolution
		Debug|Any CPU = Debug|Any CPU
		Release|Any CPU = Release|Any CPU
	EndGlobalSection
	GlobalSection(ProjectConfigurationPlatforms) = postSolution
		{C7658276-A9CD-476F-826D-95BF011CC4A5}.Debug|Any CPU.ActiveCfg = Debug|Any CPU
		{C7658276-A9CD-476F-826D-95BF011CC4A5}.Debug|Any CPU.Build.0 = Debug|Any CPU
		{C7658276-A9CD-476F-826D-95BF011CC4A5}.Release|Any CPU.ActiveCfg = Release|Any CPU
		{C7658276-A9CD-476F-826D-95BF011CC4A5}.Release|Any CPU.Build.0 = Release|Any CPU
	EndGlobalSection
	GlobalSection(SolutionProperties) = preSolution
		HideSolutionNode = FALSE
	EndGlobalSection
	GlobalSection(ExtensibilityGlobals) = postSolution
		SolutionGuid = {C0427636-5022-4A94-948B-6F10BDFC99C8}
	EndGlobalSection
EndGlobal
